
Microsoft Visual Studio Solution File, Format Version 12.00
# Visual Studio Version 17
VisualStudioVersion = 17.7.34031.279
MinimumVisualStudioVersion = 10.0.40219.1
Project("{FAE04EC0-301F-11D3-BF4B-00C04F79EFBC}") = "ConsoleApp1", "ConsoleApp1\ConsoleApp1.csproj", "{AD507125-1452-474A-BD24-64DE9B51C51B}"
EndProject
Global
	GlobalSection(SolutionConfigurationPlatforms) = preSolution
		Debug|Any CPU = Debug|Any CPU
		Release|Any CPU = Release|Any CPU
	EndGlobalSection
	GlobalSection(ProjectConfigurationPlatforms) = postSolution
		{AD507125-1452-474A-BD24-64DE9B51C51B}.Debug|Any CPU.ActiveCfg = Debug|Any CPU
		{AD507125-1452-474A-BD24-64DE9B51C51B}.Debug|Any CPU.Build.0 = Debug|Any CPU
		{AD507125-1452-474A-BD24-64DE9B51C51B}.Release|Any CPU.ActiveCfg = Release|Any CPU
		{AD507125-1452-474A-BD24-64DE9B51C51B}.Release|Any CPU.Build.0 = Release|Any CPU
	EndGlobalSection
	GlobalSection(SolutionProperties) = preSolution
		HideSolutionNode = FALSE
	EndGlobalSection
	GlobalSection(ExtensibilityGlobals) = postSolution
		SolutionGuid = {E08657BF-31FA-4002-9C60-424CDEAD3C03}
	EndGlobalSection
EndGlobal
